
Microsoft Visual Studio Solution File, Format Version 12.00
# Visual Studio Version 16
VisualStudioVersion = 16.0.31025.194
MinimumVisualStudioVersion = 10.0.40219.1
Project("{FAE04EC0-301F-11D3-BF4B-00C04F79EFBC}") = "WebAPISwagger", "WebAPISwagger\WebAPISwagger.csproj", "{98D9618C-8865-41E0-A167-CB3EEE3FCE9B}"
EndProject
Global
	GlobalSection(SolutionConfigurationPlatforms) = preSolution
		Debug|Any CPU = Debug|Any CPU
		Release|Any CPU = Release|Any CPU
	EndGlobalSection
	GlobalSection(ProjectConfigurationPlatforms) = postSolution
		{98D9618C-8865-41E0-A167-CB3EEE3FCE9B}.Debug|Any CPU.ActiveCfg = Debug|Any CPU
		{98D9618C-8865-41E0-A167-CB3EEE3FCE9B}.Debug|Any CPU.Build.0 = Debug|Any CPU
		{98D9618C-8865-41E0-A167-CB3EEE3FCE9B}.Release|Any CPU.ActiveCfg = Release|Any CPU
		{98D9618C-8865-41E0-A167-CB3EEE3FCE9B}.Release|Any CPU.Build.0 = Release|Any CPU
	EndGlobalSection
	GlobalSection(SolutionProperties) = preSolution
		HideSolutionNode = FALSE
	EndGlobalSection
	GlobalSection(ExtensibilityGlobals) = postSolution
		SolutionGuid = {F2B3B652-F1D5-4301-BEE8-D2B054E6E899}
	EndGlobalSection
EndGlobal
